// !$*UTF8*$!
{
	archiveVersion = 1;
	classes = {
	};
	objectVersion = 50;
	objects = {

/* Begin PBXBuildFile section */
		525C6241B59C8C03C8DD4EC3 /* libPods-Assignment.a in Frameworks */ = {isa = PBXBuildFile; fileRef = FBEB0D3A373C6C8363C178D6 /* libPods-Assignment.a */; };
		C8084CC320C2479500B4A5B3 /* ModuleOne.storyboard in Resources */ = {isa = PBXBuildFile; fileRef = C8084CC120C2479500B4A5B3 /* ModuleOne.storyboard */; };
		C8084CC520C2479C00B4A5B3 /* Assets.xcassets in Resources */ = {isa = PBXBuildFile; fileRef = C8084CC420C2479C00B4A5B3 /* Assets.xcassets */; };
		C8084CC820C2479C00B4A5B3 /* LaunchScreen.storyboard in Resources */ = {isa = PBXBuildFile; fileRef = C8084CC620C2479C00B4A5B3 /* LaunchScreen.storyboard */; };
		C8084CCB20C2479C00B4A5B3 /* main.m in Sources */ = {isa = PBXBuildFile; fileRef = C8084CCA20C2479C00B4A5B3 /* main.m */; };
		C81A8C5420C29B1700029238 /* BaseViewController.m in Sources */ = {isa = PBXBuildFile; fileRef = C81A8C5320C29B1700029238 /* BaseViewController.m */; };
		C81A8C5720C29B3200029238 /* AppDelegate.m in Sources */ = {isa = PBXBuildFile; fileRef = C81A8C5520C29B3100029238 /* AppDelegate.m */; };
		C81A8C5B20C29B6800029238 /* NSString+AlertMessages.m in Sources */ = {isa = PBXBuildFile; fileRef = C81A8C5A20C29B6700029238 /* NSString+AlertMessages.m */; };
		C89F39FE20C254DB0021F112 /* FirstViewController.m in Sources */ = {isa = PBXBuildFile; fileRef = C89F39FD20C254DB0021F112 /* FirstViewController.m */; };
		C89F3A0120C254FF0021F112 /* SecondViewController.m in Sources */ = {isa = PBXBuildFile; fileRef = C89F3A0020C254FF0021F112 /* SecondViewController.m */; };
		C8ACADEE20C3907D009E3A10 /* FirstViewTableCell.m in Sources */ = {isa = PBXBuildFile; fileRef = C8ACADED20C3907D009E3A10 /* FirstViewTableCell.m */; };
/* End PBXBuildFile section */

/* Begin PBXFileReference section */
		1D2EB5C958E0C26F6E02DB58 /* Pods-Assignment.release.xcconfig */ = {isa = PBXFileReference; includeInIndex = 1; lastKnownFileType = text.xcconfig; name = "Pods-Assignment.release.xcconfig"; path = "Pods/Target Support Files/Pods-Assignment/Pods-Assignment.release.xcconfig"; sourceTree = "<group>"; };
		62E275C87AB537E7C01A21EB /* Pods-Assignment.debug.xcconfig */ = {isa = PBXFileReference; includeInIndex = 1; lastKnownFileType = text.xcconfig; name = "Pods-Assignment.debug.xcconfig"; path = "Pods/Target Support Files/Pods-Assignment/Pods-Assignment.debug.xcconfig"; sourceTree = "<group>"; };
		C8084CB820C2479500B4A5B3 /* Assignment.app */ = {isa = PBXFileReference; explicitFileType = wrapper.application; includeInIndex = 0; path = Assignment.app; sourceTree = BUILT_PRODUCTS_DIR; };
		C8084CC220C2479500B4A5B3 /* Base */ = {isa = PBXFileReference; lastKnownFileType = file.storyboard; name = Base; path = Base.lproj/ModuleOne.storyboard; sourceTree = "<group>"; };
		C8084CC420C2479C00B4A5B3 /* Assets.xcassets */ = {isa = PBXFileReference; lastKnownFileType = folder.assetcatalog; path = Assets.xcassets; sourceTree = "<group>"; };
		C8084CC720C2479C00B4A5B3 /* Base */ = {isa = PBXFileReference; lastKnownFileType = file.storyboard; name = Base; path = Base.lproj/LaunchScreen.storyboard; sourceTree = "<group>"; };
		C8084CC920C2479C00B4A5B3 /* Info.plist */ = {isa = PBXFileReference; lastKnownFileType = text.plist.xml; path = Info.plist; sourceTree = "<group>"; };
		C8084CCA20C2479C00B4A5B3 /* main.m */ = {isa = PBXFileReference; lastKnownFileType = sourcecode.c.objc; path = main.m; sourceTree = "<group>"; };
		C81A8C5220C29B1700029238 /* BaseViewController.h */ = {isa = PBXFileReference; fileEncoding = 4; lastKnownFileType = sourcecode.c.h; path = BaseViewController.h; sourceTree = "<group>"; };
		C81A8C5320C29B1700029238 /* BaseViewController.m */ = {isa = PBXFileReference; fileEncoding = 4; lastKnownFileType = sourcecode.c.objc; path = BaseViewController.m; sourceTree = "<group>"; };
		C81A8C5520C29B3100029238 /* AppDelegate.m */ = {isa = PBXFileReference; fileEncoding = 4; lastKnownFileType = sourcecode.c.objc; path = AppDelegate.m; sourceTree = "<group>"; };
		C81A8C5620C29B3100029238 /* AppDelegate.h */ = {isa = PBXFileReference; fileEncoding = 4; lastKnownFileType = sourcecode.c.h; path = AppDelegate.h; sourceTree = "<group>"; };
		C81A8C5820C29B4B00029238 /* APIConstants.h */ = {isa = PBXFileReference; fileEncoding = 4; lastKnownFileType = sourcecode.c.h; path = APIConstants.h; sourceTree = "<group>"; };
		C81A8C5920C29B6700029238 /* NSString+AlertMessages.h */ = {isa = PBXFileReference; fileEncoding = 4; lastKnownFileType = sourcecode.c.h; path = "NSString+AlertMessages.h"; sourceTree = "<group>"; };
		C81A8C5A20C29B6700029238 /* NSString+AlertMessages.m */ = {isa = PBXFileReference; fileEncoding = 4; lastKnownFileType = sourcecode.c.objc; path = "NSString+AlertMessages.m"; sourceTree = "<group>"; };
		C89F39FC20C254DB0021F112 /* FirstViewController.h */ = {isa = PBXFileReference; lastKnownFileType = sourcecode.c.h; path = FirstViewController.h; sourceTree = "<group>"; };
		C89F39FD20C254DB0021F112 /* FirstViewController.m */ = {isa = PBXFileReference; lastKnownFileType = sourcecode.c.objc; path = FirstViewController.m; sourceTree = "<group>"; };
		C89F39FF20C254FF0021F112 /* SecondViewController.h */ = {isa = PBXFileReference; lastKnownFileType = sourcecode.c.h; path = SecondViewController.h; sourceTree = "<group>"; };
		C89F3A0020C254FF0021F112 /* SecondViewController.m */ = {isa = PBXFileReference; lastKnownFileType = sourcecode.c.objc; path = SecondViewController.m; sourceTree = "<group>"; };
		C8ACADEC20C3907D009E3A10 /* FirstViewTableCell.h */ = {isa = PBXFileReference; lastKnownFileType = sourcecode.c.h; path = FirstViewTableCell.h; sourceTree = "<group>"; };
		C8ACADED20C3907D009E3A10 /* FirstViewTableCell.m */ = {isa = PBXFileReference; lastKnownFileType = sourcecode.c.objc; path = FirstViewTableCell.m; sourceTree = "<group>"; };
		FBEB0D3A373C6C8363C178D6 /* libPods-Assignment.a */ = {isa = PBXFileReference; explicitFileType = archive.ar; includeInIndex = 0; path = "libPods-Assignment.a"; sourceTree = BUILT_PRODUCTS_DIR; };
/* End PBXFileReference section */

/* Begin PBXFrameworksBuildPhase section */
		C8084CB520C2479500B4A5B3 /* Frameworks */ = {
			isa = PBXFrameworksBuildPhase;
			buildActionMask = 2147483647;
			files = (
				525C6241B59C8C03C8DD4EC3 /* libPods-Assignment.a in Frameworks */,
			);
			runOnlyForDeploymentPostprocessing = 0;
		};
/* End PBXFrameworksBuildPhase section */

/* Begin PBXGroup section */
		5FAE4AD3B4FD39AE9917D748 /* Frameworks */ = {
			isa = PBXGroup;
			children = (
				FBEB0D3A373C6C8363C178D6 /* libPods-Assignment.a */,
			);
			name = Frameworks;
			sourceTree = "<group>";
		};
		C8084CAF20C2479500B4A5B3 = {
			isa = PBXGroup;
			children = (
				C8084CBA20C2479500B4A5B3 /* Assignment */,
				C8084CB920C2479500B4A5B3 /* Products */,
				E3D3A76D9B58C9F021DD1A95 /* Pods */,
				5FAE4AD3B4FD39AE9917D748 /* Frameworks */,
			);
			sourceTree = "<group>";
		};
		C8084CB920C2479500B4A5B3 /* Products */ = {
			isa = PBXGroup;
			children = (
				C8084CB820C2479500B4A5B3 /* Assignment.app */,
			);
			name = Products;
			sourceTree = "<group>";
		};
		C8084CBA20C2479500B4A5B3 /* Assignment */ = {
			isa = PBXGroup;
			children = (
				C81A8C4D20C29A2200029238 /* AppUtilityClasses */,
				C89F3A0220C255270021F112 /* Module One */,
				C89F3A0520C256280021F112 /* Resource */,
			);
			path = Assignment;
			sourceTree = "<group>";
		};
		C81A8C4D20C29A2200029238 /* AppUtilityClasses */ = {
			isa = PBXGroup;
			children = (
				C81A8C5120C29AB000029238 /* BaseViewController */,
				C81A8C5020C29A9000029238 /* AppDelegate */,
				C81A8C4F20C29A7700029238 /* APIConstants */,
				C81A8C4E20C29A3B00029238 /* AlertMessages */,
			);
			path = AppUtilityClasses;
			sourceTree = "<group>";
		};
		C81A8C4E20C29A3B00029238 /* AlertMessages */ = {
			isa = PBXGroup;
			children = (
				C81A8C5920C29B6700029238 /* NSString+AlertMessages.h */,
				C81A8C5A20C29B6700029238 /* NSString+AlertMessages.m */,
			);
			path = AlertMessages;
			sourceTree = "<group>";
		};
		C81A8C4F20C29A7700029238 /* APIConstants */ = {
			isa = PBXGroup;
			children = (
				C81A8C5820C29B4B00029238 /* APIConstants.h */,
			);
			path = APIConstants;
			sourceTree = "<group>";
		};
		C81A8C5020C29A9000029238 /* AppDelegate */ = {
			isa = PBXGroup;
			children = (
				C81A8C5620C29B3100029238 /* AppDelegate.h */,
				C81A8C5520C29B3100029238 /* AppDelegate.m */,
			);
			path = AppDelegate;
			sourceTree = "<group>";
		};
		C81A8C5120C29AB000029238 /* BaseViewController */ = {
			isa = PBXGroup;
			children = (
				C81A8C5220C29B1700029238 /* BaseViewController.h */,
				C81A8C5320C29B1700029238 /* BaseViewController.m */,
			);
			path = BaseViewController;
			sourceTree = "<group>";
		};
		C89F3A0220C255270021F112 /* Module One */ = {
			isa = PBXGroup;
			children = (
				C8084CC120C2479500B4A5B3 /* ModuleOne.storyboard */,
				C89F3A0320C255730021F112 /* FirstViewController */,
				C89F3A0420C255870021F112 /* SecondViewController */,
			);
			path = "Module One";
			sourceTree = "<group>";
		};
		C89F3A0320C255730021F112 /* FirstViewController */ = {
			isa = PBXGroup;
			children = (
				C89F39FC20C254DB0021F112 /* FirstViewController.h */,
				C89F39FD20C254DB0021F112 /* FirstViewController.m */,
				C8ACADEC20C3907D009E3A10 /* FirstViewTableCell.h */,
				C8ACADED20C3907D009E3A10 /* FirstViewTableCell.m */,
			);
			path = FirstViewController;
			sourceTree = "<group>";
		};
		C89F3A0420C255870021F112 /* SecondViewController */ = {
			isa = PBXGroup;
			children = (
				C89F39FF20C254FF0021F112 /* SecondViewController.h */,
				C89F3A0020C254FF0021F112 /* SecondViewController.m */,
			);
			path = SecondViewController;
			sourceTree = "<group>";
		};
		C89F3A0520C256280021F112 /* Resource */ = {
			isa = PBXGroup;
			children = (
				C8084CC420C2479C00B4A5B3 /* Assets.xcassets */,
				C8084CC620C2479C00B4A5B3 /* LaunchScreen.storyboard */,
				C8084CC920C2479C00B4A5B3 /* Info.plist */,
				C8084CCA20C2479C00B4A5B3 /* main.m */,
			);
			path = Resource;
			sourceTree = "<group>";
		};
		E3D3A76D9B58C9F021DD1A95 /* Pods */ = {
			isa = PBXGroup;
			children = (
				62E275C87AB537E7C01A21EB /* Pods-Assignment.debug.xcconfig */,
				1D2EB5C958E0C26F6E02DB58 /* Pods-Assignment.release.xcconfig */,
			);
			name = Pods;
			sourceTree = "<group>";
		};
/* End PBXGroup section */

/* Begin PBXNativeTarget section */
		C8084CB720C2479500B4A5B3 /* Assignment */ = {
			isa = PBXNativeTarget;
			buildConfigurationList = C8084CCE20C2479C00B4A5B3 /* Build configuration list for PBXNativeTarget "Assignment" */;
			buildPhases = (
				7C2C6FE680B1F26EF5740925 /* [CP] Check Pods Manifest.lock */,
				C8084CB420C2479500B4A5B3 /* Sources */,
				C8084CB520C2479500B4A5B3 /* Frameworks */,
				C8084CB620C2479500B4A5B3 /* Resources */,
			);
			buildRules = (
			);
			dependencies = (
			);
			name = Assignment;
			productName = Assignment;
			productReference = C8084CB820C2479500B4A5B3 /* Assignment.app */;
			productType = "com.apple.product-type.application";
		};
/* End PBXNativeTarget section */

/* Begin PBXProject section */
		C8084CB020C2479500B4A5B3 /* Project object */ = {
			isa = PBXProject;
			attributes = {
				LastUpgradeCheck = 0940;
				ORGANIZATIONNAME = "Suraj Pawar";
				TargetAttributes = {
					C8084CB720C2479500B4A5B3 = {
						CreatedOnToolsVersion = 9.4;
					};
				};
			};
			buildConfigurationList = C8084CB320C2479500B4A5B3 /* Build configuration list for PBXProject "Assignment" */;
			compatibilityVersion = "Xcode 9.3";
			developmentRegion = en;
			hasScannedForEncodings = 0;
			knownRegions = (
				en,
				Base,
			);
			mainGroup = C8084CAF20C2479500B4A5B3;
			productRefGroup = C8084CB920C2479500B4A5B3 /* Products */;
			projectDirPath = "";
			projectRoot = "";
			targets = (
				C8084CB720C2479500B4A5B3 /* Assignment */,
			);
		};
/* End PBXProject section */

/* Begin PBXResourcesBuildPhase section */
		C8084CB620C2479500B4A5B3 /* Resources */ = {
			isa = PBXResourcesBuildPhase;
			buildActionMask = 2147483647;
			files = (
				C8084CC820C2479C00B4A5B3 /* LaunchScreen.storyboard in Resources */,
				C8084CC520C2479C00B4A5B3 /* Assets.xcassets in Resources */,
				C8084CC320C2479500B4A5B3 /* ModuleOne.storyboard in Resources */,
			);
			runOnlyForDeploymentPostprocessing = 0;
		};
/* End PBXResourcesBuildPhase section */

/* Begin PBXShellScriptBuildPhase section */
		7C2C6FE680B1F26EF5740925 /* [CP] Check Pods Manifest.lock */ = {
			isa = PBXShellScriptBuildPhase;
			buildActionMask = 2147483647;
			files = (
			);
			inputPaths = (
				"${PODS_PODFILE_DIR_PATH}/Podfile.lock",
				"${PODS_ROOT}/Manifest.lock",
			);
			name = "[CP] Check Pods Manifest.lock";
			outputPaths = (
				"$(DERIVED_FILE_DIR)/Pods-Assignment-checkManifestLockResult.txt",
			);
			runOnlyForDeploymentPostprocessing = 0;
			shellPath = /bin/sh;
			shellScript = "diff \"${PODS_PODFILE_DIR_PATH}/Podfile.lock\" \"${PODS_ROOT}/Manifest.lock\" > /dev/null\nif [ $? != 0 ] ; then\n    # print error to STDERR\n    echo \"error: The sandbox is not in sync with the Podfile.lock. Run 'pod install' or update your CocoaPods installation.\" >&2\n    exit 1\nfi\n# This output is used by Xcode 'outputs' to avoid re-running this script phase.\necho \"SUCCESS\" > \"${SCRIPT_OUTPUT_FILE_0}\"\n";
			showEnvVarsInLog = 0;
		};
/* End PBXShellScriptBuildPhase section */

/* Begin PBXSourcesBuildPhase section */
		C8084CB420C2479500B4A5B3 /* Sources */ = {
			isa = PBXSourcesBuildPhase;
			buildActionMask = 2147483647;
			files = (
				C81A8C5420C29B1700029238 /* BaseViewController.m in Sources */,
				C8ACADEE20C3907D009E3A10 /* FirstViewTableCell.m in Sources */,
				C89F3A0120C254FF0021F112 /* SecondViewController.m in Sources */,
				C8084CCB20C2479C00B4A5B3 /* main.m in Sources */,
				C89F39FE20C254DB0021F112 /* FirstViewController.m in Sources */,
				C81A8C5B20C29B6800029238 /* NSString+AlertMessages.m in Sources */,
				C81A8C5720C29B3200029238 /* AppDelegate.m in Sources */,
			);
			runOnlyForDeploymentPostprocessing = 0;
		};
/* End PBXSourcesBuildPhase section */

/* Begin PBXVariantGroup section */
		C8084CC120C2479500B4A5B3 /* ModuleOne.storyboard */ = {
			isa = PBXVariantGroup;
			children = (
				C8084CC220C2479500B4A5B3 /* Base */,
			);
			name = ModuleOne.storyboard;
			sourceTree = "<group>";
		};
		C8084CC620C2479C00B4A5B3 /* LaunchScreen.storyboard */ = {
			isa = PBXVariantGroup;
			children = (
				C8084CC720C2479C00B4A5B3 /* Base */,
			);
			name = LaunchScreen.storyboard;
			sourceTree = "<group>";
		};
/* End PBXVariantGroup section */

/* Begin XCBuildConfiguration section */
		C8084CCC20C2479C00B4A5B3 /* Debug */ = {
			isa = XCBuildConfiguration;
			buildSettings = {
				ALWAYS_SEARCH_USER_PATHS = NO;
				CLANG_ANALYZER_NONNULL = YES;
				CLANG_ANALYZER_NUMBER_OBJECT_CONVERSION = YES_AGGRESSIVE;
				CLANG_CXX_LANGUAGE_STANDARD = "gnu++14";
				CLANG_CXX_LIBRARY = "libc++";
				CLANG_ENABLE_MODULES = YES;
				CLANG_ENABLE_OBJC_ARC = YES;
				CLANG_ENABLE_OBJC_WEAK = YES;
				CLANG_WARN_BLOCK_CAPTURE_AUTORELEASING = YES;
				CLANG_WARN_BOOL_CONVERSION = YES;
				CLANG_WARN_COMMA = YES;
				CLANG_WARN_CONSTANT_CONVERSION = YES;
				CLANG_WARN_DEPRECATED_OBJC_IMPLEMENTATIONS = YES;
				CLANG_WARN_DIRECT_OBJC_ISA_USAGE = YES_ERROR;
				CLANG_WARN_DOCUMENTATION_COMMENTS = YES;
				CLANG_WARN_EMPTY_BODY = YES;
				CLANG_WARN_ENUM_CONVERSION = YES;
				CLANG_WARN_INFINITE_RECURSION = YES;
				CLANG_WARN_INT_CONVERSION = YES;
				CLANG_WARN_NON_LITERAL_NULL_CONVERSION = YES;
				CLANG_WARN_OBJC_IMPLICIT_RETAIN_SELF = YES;
				CLANG_WARN_OBJC_LITERAL_CONVERSION = YES;
				CLANG_WARN_OBJC_ROOT_CLASS = YES_ERROR;
				CLANG_WARN_RANGE_LOOP_ANALYSIS = YES;
				CLANG_WARN_STRICT_PROTOTYPES = YES;
				CLANG_WARN_SUSPICIOUS_MOVE = YES;
				CLANG_WARN_UNGUARDED_AVAILABILITY = YES_AGGRESSIVE;
				CLANG_WARN_UNREACHABLE_CODE = YES;
				CLANG_WARN__DUPLICATE_METHOD_MATCH = YES;
				CODE_SIGN_IDENTITY = "iPhone Developer";
				COPY_PHASE_STRIP = NO;
				DEBUG_INFORMATION_FORMAT = dwarf;
				ENABLE_STRICT_OBJC_MSGSEND = YES;
				ENABLE_TESTABILITY = YES;
				GCC_C_LANGUAGE_STANDARD = gnu11;
				GCC_DYNAMIC_NO_PIC = NO;
				GCC_NO_COMMON_BLOCKS = YES;
				GCC_OPTIMIZATION_LEVEL = 0;
				GCC_PREPROCESSOR_DEFINITIONS = (
					"DEBUG=1",
					"$(inherited)",
				);
				GCC_WARN_64_TO_32_BIT_CONVERSION = YES;
				GCC_WARN_ABOUT_RETURN_TYPE = YES_ERROR;
				GCC_WARN_UNDECLARED_SELECTOR = YES;
				GCC_WARN_UNINITIALIZED_AUTOS = YES_AGGRESSIVE;
				GCC_WARN_UNUSED_FUNCTION = YES;
				GCC_WARN_UNUSED_VARIABLE = YES;
				IPHONEOS_DEPLOYMENT_TARGET = 11.4;
				MTL_ENABLE_DEBUG_INFO = YES;
				ONLY_ACTIVE_ARCH = YES;
				SDKROOT = iphoneos;
			};
			name = Debug;
		};
		C8084CCD20C2479C00B4A5B3 /* Release */ = {
			isa = XCBuildConfiguration;
			buildSettings = {
				ALWAYS_SEARCH_USER_PATHS = NO;
				CLANG_ANALYZER_NONNULL = YES;
				CLANG_ANALYZER_NUMBER_OBJECT_CONVERSION = YES_AGGRESSIVE;
				CLANG_CXX_LANGUAGE_STANDARD = "gnu++14";
				CLANG_CXX_LIBRARY = "libc++";
				CLANG_ENABLE_MODULES = YES;
				CLANG_ENABLE_OBJC_ARC = YES;
				CLANG_ENABLE_OBJC_WEAK = YES;
				CLANG_WARN_BLOCK_CAPTURE_AUTORELEASING = YES;
				CLANG_WARN_BOOL_CONVERSION = YES;
				CLANG_WARN_COMMA = YES;
				CLANG_WARN_CONSTANT_CONVERSION = YES;
				CLANG_WARN_DEPRECATED_OBJC_IMPLEMENTATIONS = YES;
				CLANG_WARN_DIRECT_OBJC_ISA_USAGE = YES_ERROR;
				CLANG_WARN_DOCUMENTATION_COMMENTS = YES;
				CLANG_WARN_EMPTY_BODY = YES;
				CLANG_WARN_ENUM_CONVERSION = YES;
				CLANG_WARN_INFINITE_RECURSION = YES;
				CLANG_WARN_INT_CONVERSION = YES;
				CLANG_WARN_NON_LITERAL_NULL_CONVERSION = YES;
				CLANG_WARN_OBJC_IMPLICIT_RETAIN_SELF = YES;
				CLANG_WARN_OBJC_LITERAL_CONVERSION = YES;
				CLANG_WARN_OBJC_ROOT_CLASS = YES_ERROR;
				CLANG_WARN_RANGE_LOOP_ANALYSIS = YES;
				CLANG_WARN_STRICT_PROTOTYPES = YES;
				CLANG_WARN_SUSPICIOUS_MOVE = YES;
				CLANG_WARN_UNGUARDED_AVAILABILITY = YES_AGGRESSIVE;
				CLANG_WARN_UNREACHABLE_CODE = YES;
				CLANG_WARN__DUPLICATE_METHOD_MATCH = YES;
				CODE_SIGN_IDENTITY = "iPhone Developer";
				COPY_PHASE_STRIP = NO;
				DEBUG_INFORMATION_FORMAT = "dwarf-with-dsym";
				ENABLE_NS_ASSERTIONS = NO;
				ENABLE_STRICT_OBJC_MSGSEND = YES;
				GCC_C_LANGUAGE_STANDARD = gnu11;
				GCC_NO_COMMON_BLOCKS = YES;
				GCC_WARN_64_TO_32_BIT_CONVERSION = YES;
				GCC_WARN_ABOUT_RETURN_TYPE = YES_ERROR;
				GCC_WARN_UNDECLARED_SELECTOR = YES;
				GCC_WARN_UNINITIALIZED_AUTOS = YES_AGGRESSIVE;
				GCC_WARN_UNUSED_FUNCTION = YES;
				GCC_WARN_UNUSED_VARIABLE = YES;
				IPHONEOS_DEPLOYMENT_TARGET = 11.4;
				MTL_ENABLE_DEBUG_INFO = NO;
				SDKROOT = iphoneos;
				VALIDATE_PRODUCT = YES;
			};
			name = Release;
		};
		C8084CCF20C2479C00B4A5B3 /* Debug */ = {
			isa = XCBuildConfiguration;
			baseConfigurationReference = 62E275C87AB537E7C01A21EB /* Pods-Assignment.debug.xcconfig */;
			buildSettings = {
				ASSETCATALOG_COMPILER_APPICON_NAME = AppIcon;
				CODE_SIGN_STYLE = Automatic;
				INFOPLIST_FILE = "$(SRCROOT)/Assignment/Resource/Info.plist";
				IPHONEOS_DEPLOYMENT_TARGET = 10.0;
				LD_RUNPATH_SEARCH_PATHS = (
					"$(inherited)",
					"@executable_path/Frameworks",
				);
				PRODUCT_BUNDLE_IDENTIFIER = SurajPawar.Assignment;
				PRODUCT_NAME = "$(TARGET_NAME)";
				TARGETED_DEVICE_FAMILY = "1,2";
			};
			name = Debug;
		};
		C8084CD020C2479C00B4A5B3 /* Release */ = {
			isa = XCBuildConfiguration;
			baseConfigurationReference = 1D2EB5C958E0C26F6E02DB58 /* Pods-Assignment.release.xcconfig */;
			buildSettings = {
				ASSETCATALOG_COMPILER_APPICON_NAME = AppIcon;
				CODE_SIGN_STYLE = Automatic;
				INFOPLIST_FILE = "$(SRCROOT)/Assignment/Resource/Info.plist";
				IPHONEOS_DEPLOYMENT_TARGET = 10.0;
				LD_RUNPATH_SEARCH_PATHS = (
					"$(inherited)",
					"@executable_path/Frameworks",
				);
				PRODUCT_BUNDLE_IDENTIFIER = SurajPawar.Assignment;
				PRODUCT_NAME = "$(TARGET_NAME)";
				TARGETED_DEVICE_FAMILY = "1,2";
			};
			name = Release;
		};
/* End XCBuildConfiguration section */

/* Begin XCConfigurationList section */
		C8084CB320C2479500B4A5B3 /* Build configuration list for PBXProject "Assignment" */ = {
			isa = XCConfigurationList;
			buildConfigurations = (
				C8084CCC20C2479C00B4A5B3 /* Debug */,
				C8084CCD20C2479C00B4A5B3 /* Release */,
			);
			defaultConfigurationIsVisible = 0;
			defaultConfigurationName = Release;
		};
		C8084CCE20C2479C00B4A5B3 /* Build configuration list for PBXNativeTarget "Assignment" */ = {
			isa = XCConfigurationList;
			buildConfigurations = (
				C8084CCF20C2479C00B4A5B3 /* Debug */,
				C8084CD020C2479C00B4A5B3 /* Release */,
			);
			defaultConfigurationIsVisible = 0;
			defaultConfigurationName = Release;
		};
/* End XCConfigurationList section */
	};
	rootObject = C8084CB020C2479500B4A5B3 /* Project object */;
}
